{
  "requires": true,
  "lockfileVersion": 1,
  "dependencies": {
    "julian": {
      "version": "0.2.0",
      "resolved": "https://registry.npmjs.org/julian/-/julian-0.2.0.tgz",
      "integrity": "sha1-jXv8Ng12zInV2DshN9hgoY5H4vE="
    },
    "julian-date": {
      "version": "1.0.1",
      "resolved": "https://registry.npmjs.org/julian-date/-/julian-date-1.0.1.tgz",
      "integrity": "sha1-ZSGJxFoGLSJ/kdZp8F0HuhgLPks="
    }
  }
}
